{
  "name": "test",
  "version": "1.0.0",
  "lockfileVersion": 3,
  "requires": true,
  "packages": {
    "": {
      "name": "test",
      "version": "1.0.0",
      "license": "ISC",
      "dependencies": {
        "generate_password_given_length": "^1.1.0"
      }
    },
    "node_modules/generate_password_given_length": {
      "version": "1.1.0",
      "resolved": "https://registry.npmjs.org/generate_password_given_length/-/generate_password_given_length-1.1.0.tgz",
      "integrity": "sha512-Bq4BOaatn/cEF95jLxyjl63OecgPxEUQ16IBD6jQn6lpUKI2MsGb1UhGTgXvzU4yoHE5XWIP2JSKvP4v9LQ2Gw=="
    }
  }
}
